<?xml version="1.0" encoding="utf-8"?>
<Project ToolsVersion="4.0" xmlns="http://schemas.microsoft.com/developer/msbuild/2003">
  <ItemGroup>
    <Filter Include="Header Files">
      <UniqueIdentifier>{93995380-89BD-4b04-88EB-625FBE52EBFB}</UniqueIdentifier>
      <Extensions>h;hpp;hxx;hm;inl;inc;xsd</Extensions>
    </Filter>
    <Filter Include="Header Files">
      <UniqueIdentifier>{93995380-89BD-4b04-88EB-625FBE52EBFB}</UniqueIdentifier>
      <Extensions>h;hpp;hxx;hm;inl;inc;xsd</Extensions>
    </Filter>
    <Filter Include="Source Files">
      <UniqueIdentifier>{4FC737F1-C7A5-4376-A066-2A32D752A2FF}</UniqueIdentifier>
      <Extensions>cpp;c;cxx;def;odl;idl;hpj;bat;asm;asmx</Extensions>
    </Filter>
    <Filter Include="Source Files">
      <UniqueIdentifier>{4FC737F1-C7A5-4376-A066-2A32D752A2FF}</UniqueIdentifier>
      <Extensions>cpp;c;cxx;def;odl;idl;hpj;bat;asm;asmx</Extensions>
    </Filter>
  </ItemGroup>
  <ItemGroup>
    <ClCompile Include="poly2tri\sweep\advancing_front.cc">
      <Filter>Source Files</Filter>
    </ClCompile>
    <ClCompile Include="xdlib\boundingBox.cpp">
      <Filter>Source Files</Filter>
    </ClCompile>
    <ClCompile Include="poly2tri\sweep\cdt.cc">
      <Filter>Source Files</Filter>
    </ClCompile>
    <ClCompile Include="clipper\clipper.cpp">
      <Filter>Source Files</Filter>
    </ClCompile>
    <ClCompile Include="xdlib\config.cpp">
      <Filter>Source Files</Filter>
    </ClCompile>
    <ClCompile Include="admesh\connect.c">
      <Filter>Source Files</Filter>
    </ClCompile>
    <ClCompile Include="xdlib\detectBridge.cpp">
      <Filter>Source Files</Filter>
    </ClCompile>
    <ClCompile Include="xdlib\encapsulationClipper.cpp">
      <Filter>Source Files</Filter>
    </ClCompile>
    <ClCompile Include="xdlib\exPolygon.cpp">
      <Filter>Source Files</Filter>
    </ClCompile>
    <ClCompile Include="xdlib\exPolygonGather.cpp">
      <Filter>Source Files</Filter>
    </ClCompile>
    <ClCompile Include="xdlib\geometry.cpp">
      <Filter>Source Files</Filter>
    </ClCompile>
    <ClCompile Include="xdlib\line.cpp">
      <Filter>Source Files</Filter>
    </ClCompile>
    <ClCompile Include="xdlib\multiPoint.cpp">
      <Filter>Source Files</Filter>
    </ClCompile>
    <ClCompile Include="admesh\normals.c">
      <Filter>Source Files</Filter>
    </ClCompile>
    <ClCompile Include="xdlib\planMotion.cpp">
      <Filter>Source Files</Filter>
    </ClCompile>
    <ClCompile Include="xdlib\point.cpp">
      <Filter>Source Files</Filter>
    </ClCompile>
    <ClCompile Include="xdlib\polygon.cpp">
      <Filter>Source Files</Filter>
    </ClCompile>
    <ClCompile Include="xdlib\polyline.cpp">
      <Filter>Source Files</Filter>
    </ClCompile>
    <ClCompile Include="xdlib\polylineGather.cpp">
      <Filter>Source Files</Filter>
    </ClCompile>
    <ClCompile Include="polypartition\polypartition.cpp">
      <Filter>Source Files</Filter>
    </ClCompile>
    <ClCompile Include="xdlib\printconfig.cpp">
      <Filter>Source Files</Filter>
    </ClCompile>
    <ClCompile Include="xdlib\readSlice.cpp">
      <Filter>Source Files</Filter>
    </ClCompile>
    <ClCompile Include="poly2tri\common\shapes.cc">
      <Filter>Source Files</Filter>
    </ClCompile>
    <ClCompile Include="admesh\shared.c">
      <Filter>Source Files</Filter>
    </ClCompile>
    <ClCompile Include="admesh\stl_io.c">
      <Filter>Source Files</Filter>
    </ClCompile>
    <ClCompile Include="admesh\stlinit.c">
      <Filter>Source Files</Filter>
    </ClCompile>
    <ClCompile Include="xdlib\surface.cpp">
      <Filter>Source Files</Filter>
    </ClCompile>
    <ClCompile Include="xdlib\surfaceGather.cpp">
      <Filter>Source Files</Filter>
    </ClCompile>
    <ClCompile Include="poly2tri\sweep\sweep.cc">
      <Filter>Source Files</Filter>
    </ClCompile>
    <ClCompile Include="poly2tri\sweep\sweep_context.cc">
      <Filter>Source Files</Filter>
    </ClCompile>
    <ClCompile Include="admesh\util.c">
      <Filter>Source Files</Filter>
    </ClCompile>
  </ItemGroup>
  <ItemGroup>
    <ClInclude Include="poly2tri\sweep\advancing_front.h">
      <Filter>Header Files</Filter>
    </ClInclude>
    <ClInclude Include="xdlib\boundingBox.h">
      <Filter>Header Files</Filter>
    </ClInclude>
    <ClInclude Include="poly2tri\sweep\cdt.h">
      <Filter>Header Files</Filter>
    </ClInclude>
    <ClInclude Include="clipper\clipper.hpp">
      <Filter>Header Files</Filter>
    </ClInclude>
    <ClInclude Include="xdlib\config.h">
      <Filter>Header Files</Filter>
    </ClInclude>
    <ClInclude Include="xdlib\constdefine.h">
      <Filter>Header Files</Filter>
    </ClInclude>
    <ClInclude Include="xdlib\detectBridge.h">
      <Filter>Header Files</Filter>
    </ClInclude>
    <ClInclude Include="xdlib\encapsulationClipper.h">
      <Filter>Header Files</Filter>
    </ClInclude>
    <ClInclude Include="xdlib\exPolygon.h">
      <Filter>Header Files</Filter>
    </ClInclude>
    <ClInclude Include="xdlib\exPolygonGather.h">
      <Filter>Header Files</Filter>
    </ClInclude>
    <ClInclude Include="xdlib\geometry.h">
      <Filter>Header Files</Filter>
    </ClInclude>
    <ClInclude Include="xdlib\line.h">
      <Filter>Header Files</Filter>
    </ClInclude>
    <ClInclude Include="xdlib\multiPoint.h">
      <Filter>Header Files</Filter>
    </ClInclude>
    <ClInclude Include="xdlib\planMotion.h">
      <Filter>Header Files</Filter>
    </ClInclude>
    <ClInclude Include="xdlib\point.h">
      <Filter>Header Files</Filter>
    </ClInclude>
    <ClInclude Include="poly2tri\poly2tri.h">
      <Filter>Header Files</Filter>
    </ClInclude>
    <ClInclude Include="xdlib\polygon.h">
      <Filter>Header Files</Filter>
    </ClInclude>
    <ClInclude Include="xdlib\polyline.h">
      <Filter>Header Files</Filter>
    </ClInclude>
    <ClInclude Include="xdlib\polylineGather.h">
      <Filter>Header Files</Filter>
    </ClInclude>
    <ClInclude Include="polypartition\polypartition.h">
      <Filter>Header Files</Filter>
    </ClInclude>
    <ClInclude Include="xdlib\printconfig.h">
      <Filter>Header Files</Filter>
    </ClInclude>
    <ClInclude Include="xdlib\readSlice.h">
      <Filter>Header Files</Filter>
    </ClInclude>
    <ClInclude Include="poly2tri\common\shapes.h">
      <Filter>Header Files</Filter>
    </ClInclude>
    <ClInclude Include="admesh\stl.h">
      <Filter>Header Files</Filter>
    </ClInclude>
    <ClInclude Include="xdlib\surface.h">
      <Filter>Header Files</Filter>
    </ClInclude>
    <ClInclude Include="xdlib\surfaceGather.h">
      <Filter>Header Files</Filter>
    </ClInclude>
    <ClInclude Include="poly2tri\sweep\sweep.h">
      <Filter>Header Files</Filter>
    </ClInclude>
    <ClInclude Include="poly2tri\sweep\sweep_context.h">
      <Filter>Header Files</Filter>
    </ClInclude>
    <ClInclude Include="poly2tri\common\utils.h">
      <Filter>Header Files</Filter>
    </ClInclude>
  </ItemGroup>
</Project>